
Microsoft Visual Studio Solution File, Format Version 12.00
# Visual Studio Version 16
VisualStudioVersion = 16.0.29609.76
MinimumVisualStudioVersion = 10.0.40219.1
Project("{FAE04EC0-301F-11D3-BF4B-00C04F79EFBC}") = "CodeOnDevOpsExample", "CodeOnDevOpsExample\CodeOnDevOpsExample.csproj", "{28436D98-B533-4E6C-B652-BA07FB81A935}"
EndProject
Project("{FAE04EC0-301F-11D3-BF4B-00C04F79EFBC}") = "CodeOnDevOpsExample.Tests", "CodeOnDevOpsExample.Tests\CodeOnDevOpsExample.Tests.csproj", "{B2C089AF-0643-426F-AD9E-48F2DBDBD29E}"
EndProject
Project("{FAE04EC0-301F-11D3-BF4B-00C04F79EFBC}") = "CodeOnDevOpsCoreExample", "CodeOnDevOpsCoreExample\CodeOnDevOpsCoreExample.csproj", "{313D2581-065D-4D69-845B-EAF900AF0B86}"
EndProject
Global
	GlobalSection(SolutionConfigurationPlatforms) = preSolution
		Debug|Any CPU = Debug|Any CPU
		Release|Any CPU = Release|Any CPU
	EndGlobalSection
	GlobalSection(ProjectConfigurationPlatforms) = postSolution
		{28436D98-B533-4E6C-B652-BA07FB81A935}.Debug|Any CPU.ActiveCfg = Debug|Any CPU
		{28436D98-B533-4E6C-B652-BA07FB81A935}.Debug|Any CPU.Build.0 = Debug|Any CPU
		{28436D98-B533-4E6C-B652-BA07FB81A935}.Release|Any CPU.ActiveCfg = Release|Any CPU
		{28436D98-B533-4E6C-B652-BA07FB81A935}.Release|Any CPU.Build.0 = Release|Any CPU
		{B2C089AF-0643-426F-AD9E-48F2DBDBD29E}.Debug|Any CPU.ActiveCfg = Debug|Any CPU
		{B2C089AF-0643-426F-AD9E-48F2DBDBD29E}.Debug|Any CPU.Build.0 = Debug|Any CPU
		{B2C089AF-0643-426F-AD9E-48F2DBDBD29E}.Release|Any CPU.ActiveCfg = Release|Any CPU
		{B2C089AF-0643-426F-AD9E-48F2DBDBD29E}.Release|Any CPU.Build.0 = Release|Any CPU
		{313D2581-065D-4D69-845B-EAF900AF0B86}.Debug|Any CPU.ActiveCfg = Debug|Any CPU
		{313D2581-065D-4D69-845B-EAF900AF0B86}.Debug|Any CPU.Build.0 = Debug|Any CPU
		{313D2581-065D-4D69-845B-EAF900AF0B86}.Release|Any CPU.ActiveCfg = Release|Any CPU
		{313D2581-065D-4D69-845B-EAF900AF0B86}.Release|Any CPU.Build.0 = Release|Any CPU
	EndGlobalSection
	GlobalSection(SolutionProperties) = preSolution
		HideSolutionNode = FALSE
	EndGlobalSection
	GlobalSection(ExtensibilityGlobals) = postSolution
		SolutionGuid = {D3CB4BA6-21D8-450F-95CE-C5080F20CADB}
	EndGlobalSection
EndGlobal
